# This file is automatically @generated by Cargo.
# It is not intended for manual editing.
version = 3

[[package]]
name = "netpilot-config"
version = "0.1.0"

[[package]]
name = "netpilot-core"
version = "0.1.0"
dependencies = [
 "netpilot-core-lib",
]

[[package]]
name = "netpilot-core-lib"
version = "0.1.0"

[[package]]
name = "netpilot-diagnostics"
version = "0.1.0"

[[package]]
name = "netpilot-dns"
version = "0.1.0"

[[package]]
name = "netpilot-ipc"
version = "0.1.0"

[[package]]
name = "netpilot-process"
version = "0.1.0"

[[package]]
name = "netpilot-protocol-common"
version = "0.1.0"

[[package]]
name = "netpilot-protocol-shadowsocks"
version = "0.1.0"

[[package]]
name = "netpilot-protocol-shadowsocksr"
version = "0.1.0"

[[package]]
name = "netpilot-protocol-trojan"
version = "0.1.0"

[[package]]
name = "netpilot-protocol-vless"
version = "0.1.0"

[[package]]
name = "netpilot-protocol-vmess"
version = "0.1.0"

[[package]]
name = "netpilot-proxy"
version = "0.1.0"

[[package]]
name = "netpilot-routing"
version = "0.1.0"

[[package]]
name = "netpilot-rules"
version = "0.1.0"

[[package]]
name = "netpilot-testkit"
version = "0.1.0"

[[package]]
name = "netpilot-transport-grpc"
version = "0.1.0"

[[package]]
name = "netpilot-transport-http2"
version = "0.1.0"

[[package]]
name = "netpilot-transport-reality"
version = "0.1.0"

[[package]]
name = "netpilot-transport-tcp"
version = "0.1.0"

[[package]]
name = "netpilot-transport-tls"
version = "0.1.0"

[[package]]
name = "netpilot-transport-websocket"
version = "0.1.0"

[[package]]
name = "netpilot-tun"
version = "0.1.0"
